
Microsoft Visual Studio Solution File, Format Version 12.00
# Visual Studio Version 16
VisualStudioVersion = 16.0.30907.101
MinimumVisualStudioVersion = 10.0.40219.1
Project("{9A19103F-16F7-4668-BE54-9A1E7A4F7556}") = "Api", "src\api\Api.csproj", "{61A15925-B494-4F5C-BD44-10CA2DCC1AAF}"
EndProject
Project("{9A19103F-16F7-4668-BE54-9A1E7A4F7556}") = "Domain", "src\domain\Domain.csproj", "{365721B5-B003-4DEE-A8C6-625834B80D9C}"
EndProject
Project("{2150E333-8FDC-42A3-9474-1A3956D46DE8}") = "src", "src", "{9E521408-0586-46CD-8F9A-9BFDCD2C90B4}"
EndProject
Project("{2150E333-8FDC-42A3-9474-1A3956D46DE8}") = "api", "api", "{8B388DE8-0A80-4F71-9CB4-EF784BEAD42D}"
EndProject
Project("{2150E333-8FDC-42A3-9474-1A3956D46DE8}") = "domain", "domain", "{99ED5744-5DC1-4A3D-B8C7-66FA9C445F31}"
EndProject
Project("{2150E333-8FDC-42A3-9474-1A3956D46DE8}") = "infra", "infra", "{FCC087ED-64AD-482B-93B3-79BA5BEBDDF9}"
EndProject
Project("{9A19103F-16F7-4668-BE54-9A1E7A4F7556}") = "IoC", "src\infra\IoC\IoC.csproj", "{39FB0507-B3AE-48E7-809A-96B32B748EC2}"
EndProject
Project("{FAE04EC0-301F-11D3-BF4B-00C04F79EFBC}") = "Data", "src\infra\Data\Data.csproj", "{4A5E91FB-3F7C-42AD-B3C1-B30DB873C8FC}"
EndProject
Global
	GlobalSection(SolutionConfigurationPlatforms) = preSolution
		Debug|Any CPU = Debug|Any CPU
		Release|Any CPU = Release|Any CPU
	EndGlobalSection
	GlobalSection(ProjectConfigurationPlatforms) = postSolution
		{61A15925-B494-4F5C-BD44-10CA2DCC1AAF}.Debug|Any CPU.ActiveCfg = Debug|Any CPU
		{61A15925-B494-4F5C-BD44-10CA2DCC1AAF}.Debug|Any CPU.Build.0 = Debug|Any CPU
		{61A15925-B494-4F5C-BD44-10CA2DCC1AAF}.Release|Any CPU.ActiveCfg = Release|Any CPU
		{61A15925-B494-4F5C-BD44-10CA2DCC1AAF}.Release|Any CPU.Build.0 = Release|Any CPU
		{365721B5-B003-4DEE-A8C6-625834B80D9C}.Debug|Any CPU.ActiveCfg = Debug|Any CPU
		{365721B5-B003-4DEE-A8C6-625834B80D9C}.Debug|Any CPU.Build.0 = Debug|Any CPU
		{365721B5-B003-4DEE-A8C6-625834B80D9C}.Release|Any CPU.ActiveCfg = Release|Any CPU
		{365721B5-B003-4DEE-A8C6-625834B80D9C}.Release|Any CPU.Build.0 = Release|Any CPU
		{39FB0507-B3AE-48E7-809A-96B32B748EC2}.Debug|Any CPU.ActiveCfg = Debug|Any CPU
		{39FB0507-B3AE-48E7-809A-96B32B748EC2}.Debug|Any CPU.Build.0 = Debug|Any CPU
		{39FB0507-B3AE-48E7-809A-96B32B748EC2}.Release|Any CPU.ActiveCfg = Release|Any CPU
		{39FB0507-B3AE-48E7-809A-96B32B748EC2}.Release|Any CPU.Build.0 = Release|Any CPU
		{4A5E91FB-3F7C-42AD-B3C1-B30DB873C8FC}.Debug|Any CPU.ActiveCfg = Debug|Any CPU
		{4A5E91FB-3F7C-42AD-B3C1-B30DB873C8FC}.Debug|Any CPU.Build.0 = Debug|Any CPU
		{4A5E91FB-3F7C-42AD-B3C1-B30DB873C8FC}.Release|Any CPU.ActiveCfg = Release|Any CPU
		{4A5E91FB-3F7C-42AD-B3C1-B30DB873C8FC}.Release|Any CPU.Build.0 = Release|Any CPU
	EndGlobalSection
	GlobalSection(SolutionProperties) = preSolution
		HideSolutionNode = FALSE
	EndGlobalSection
	GlobalSection(NestedProjects) = preSolution
		{61A15925-B494-4F5C-BD44-10CA2DCC1AAF} = {8B388DE8-0A80-4F71-9CB4-EF784BEAD42D}
		{365721B5-B003-4DEE-A8C6-625834B80D9C} = {99ED5744-5DC1-4A3D-B8C7-66FA9C445F31}
		{8B388DE8-0A80-4F71-9CB4-EF784BEAD42D} = {9E521408-0586-46CD-8F9A-9BFDCD2C90B4}
		{99ED5744-5DC1-4A3D-B8C7-66FA9C445F31} = {9E521408-0586-46CD-8F9A-9BFDCD2C90B4}
		{FCC087ED-64AD-482B-93B3-79BA5BEBDDF9} = {9E521408-0586-46CD-8F9A-9BFDCD2C90B4}
		{39FB0507-B3AE-48E7-809A-96B32B748EC2} = {FCC087ED-64AD-482B-93B3-79BA5BEBDDF9}
		{4A5E91FB-3F7C-42AD-B3C1-B30DB873C8FC} = {FCC087ED-64AD-482B-93B3-79BA5BEBDDF9}
	EndGlobalSection
	GlobalSection(ExtensibilityGlobals) = postSolution
		SolutionGuid = {D67A518A-A845-43C4-BC35-EAFBF700B6AF}
	EndGlobalSection
EndGlobal
